
Microsoft Visual Studio Solution File, Format Version 12.00
# Visual Studio 15
VisualStudioVersion = 15.0.28307.271
MinimumVisualStudioVersion = 10.0.40219.1
Project("{FAE04EC0-301F-11D3-BF4B-00C04F79EFBC}") = "SummerCocktails", "SummerCocktails\SummerCocktails.csproj", "{6DEE6EB3-F276-4F70-8722-3A4339DADF59}"
EndProject
Project("{FAE04EC0-301F-11D3-BF4B-00C04F79EFBC}") = "SeashellTreasure", "SeashellTreasure\SeashellTreasure.csproj", "{1370C551-71C4-4E93-BDE0-55DAB3AE14EE}"
EndProject
Global
	GlobalSection(SolutionConfigurationPlatforms) = preSolution
		Debug|Any CPU = Debug|Any CPU
		Release|Any CPU = Release|Any CPU
	EndGlobalSection
	GlobalSection(ProjectConfigurationPlatforms) = postSolution
		{6DEE6EB3-F276-4F70-8722-3A4339DADF59}.Debug|Any CPU.ActiveCfg = Debug|Any CPU
		{6DEE6EB3-F276-4F70-8722-3A4339DADF59}.Debug|Any CPU.Build.0 = Debug|Any CPU
		{6DEE6EB3-F276-4F70-8722-3A4339DADF59}.Release|Any CPU.ActiveCfg = Release|Any CPU
		{6DEE6EB3-F276-4F70-8722-3A4339DADF59}.Release|Any CPU.Build.0 = Release|Any CPU
		{1370C551-71C4-4E93-BDE0-55DAB3AE14EE}.Debug|Any CPU.ActiveCfg = Debug|Any CPU
		{1370C551-71C4-4E93-BDE0-55DAB3AE14EE}.Debug|Any CPU.Build.0 = Debug|Any CPU
		{1370C551-71C4-4E93-BDE0-55DAB3AE14EE}.Release|Any CPU.ActiveCfg = Release|Any CPU
		{1370C551-71C4-4E93-BDE0-55DAB3AE14EE}.Release|Any CPU.Build.0 = Release|Any CPU
	EndGlobalSection
	GlobalSection(SolutionProperties) = preSolution
		HideSolutionNode = FALSE
	EndGlobalSection
	GlobalSection(ExtensibilityGlobals) = postSolution
		SolutionGuid = {9D6DAA18-E160-446E-9664-2F98A87357E3}
	EndGlobalSection
EndGlobal
