
Microsoft Visual Studio Solution File, Format Version 12.00
# Visual Studio Version 16
VisualStudioVersion = 16.0.28803.202
MinimumVisualStudioVersion = 10.0.40219.1
Project("{FAE04EC0-301F-11D3-BF4B-00C04F79EFBC}") = "TheGarden", "TheGarden\TheGarden.csproj", "{BF89F091-5D0D-44DC-8C91-D3C551C5A823}"
EndProject
Project("{FAE04EC0-301F-11D3-BF4B-00C04F79EFBC}") = "MakeASalad", "MakeASalad\MakeASalad.csproj", "{A26E4223-4465-4F21-BCA4-F1A3824124FF}"
EndProject
Project("{9A19103F-16F7-4668-BE54-9A1E7A4F7556}") = "HealthyHeaven", "HealthyHeaven\HealthyHeaven.csproj", "{EED826C9-D253-40BF-BE3D-DD942BCD77A3}"
EndProject
Global
	GlobalSection(SolutionConfigurationPlatforms) = preSolution
		Debug|Any CPU = Debug|Any CPU
		Release|Any CPU = Release|Any CPU
	EndGlobalSection
	GlobalSection(ProjectConfigurationPlatforms) = postSolution
		{BF89F091-5D0D-44DC-8C91-D3C551C5A823}.Debug|Any CPU.ActiveCfg = Debug|Any CPU
		{BF89F091-5D0D-44DC-8C91-D3C551C5A823}.Debug|Any CPU.Build.0 = Debug|Any CPU
		{BF89F091-5D0D-44DC-8C91-D3C551C5A823}.Release|Any CPU.ActiveCfg = Release|Any CPU
		{BF89F091-5D0D-44DC-8C91-D3C551C5A823}.Release|Any CPU.Build.0 = Release|Any CPU
		{A26E4223-4465-4F21-BCA4-F1A3824124FF}.Debug|Any CPU.ActiveCfg = Debug|Any CPU
		{A26E4223-4465-4F21-BCA4-F1A3824124FF}.Debug|Any CPU.Build.0 = Debug|Any CPU
		{A26E4223-4465-4F21-BCA4-F1A3824124FF}.Release|Any CPU.ActiveCfg = Release|Any CPU
		{A26E4223-4465-4F21-BCA4-F1A3824124FF}.Release|Any CPU.Build.0 = Release|Any CPU
		{EED826C9-D253-40BF-BE3D-DD942BCD77A3}.Debug|Any CPU.ActiveCfg = Debug|Any CPU
		{EED826C9-D253-40BF-BE3D-DD942BCD77A3}.Debug|Any CPU.Build.0 = Debug|Any CPU
		{EED826C9-D253-40BF-BE3D-DD942BCD77A3}.Release|Any CPU.ActiveCfg = Release|Any CPU
		{EED826C9-D253-40BF-BE3D-DD942BCD77A3}.Release|Any CPU.Build.0 = Release|Any CPU
	EndGlobalSection
	GlobalSection(SolutionProperties) = preSolution
		HideSolutionNode = FALSE
	EndGlobalSection
	GlobalSection(ExtensibilityGlobals) = postSolution
		SolutionGuid = {D9419ABB-22C9-4E0B-B1F4-9020FEACF288}
	EndGlobalSection
EndGlobal
