
Microsoft Visual Studio Solution File, Format Version 12.00
# Visual Studio Version 16
VisualStudioVersion = 16.0.28803.202
MinimumVisualStudioVersion = 10.0.40219.1
Project("{FAE04EC0-301F-11D3-BF4B-00C04F79EFBC}") = "School supplies", "School supplies\School supplies.csproj", "{A27B611C-07A9-4048-949E-DA0D4EFA2547}"
EndProject
Project("{FAE04EC0-301F-11D3-BF4B-00C04F79EFBC}") = "Mountain run", "Mountain run\Mountain run.csproj", "{B98647C7-34E9-4992-A00B-BD84DBEA8485}"
EndProject
Project("{FAE04EC0-301F-11D3-BF4B-00C04F79EFBC}") = "Ski trip", "Ski trip\Ski trip.csproj", "{00299AB0-823C-4ADD-9B28-952207098D41}"
EndProject
Project("{FAE04EC0-301F-11D3-BF4B-00C04F79EFBC}") = "Project price", "Project price\Project price.csproj", "{F3D8625B-3506-4AE5-92A8-ACEF8D183681}"
EndProject
Project("{FAE04EC0-301F-11D3-BF4B-00C04F79EFBC}") = "Trekking mania", "Trekking mania\Trekking mania.csproj", "{A64B2F03-6755-4A39-988A-7B175A940D7F}"
EndProject
Project("{FAE04EC0-301F-11D3-BF4B-00C04F79EFBC}") = "Math puzzle", "Math puzzle\Math puzzle.csproj", "{088D7ABE-3FDF-4BAD-8BA6-EF30DFC45D8B}"
EndProject
Project("{FAE04EC0-301F-11D3-BF4B-00C04F79EFBC}") = "Puppy care", "Puppy care\Puppy care.csproj", "{C9FBC1C4-B053-47A8-B3F1-D5E97225A764}"
EndProject
Project("{FAE04EC0-301F-11D3-BF4B-00C04F79EFBC}") = "Energy booster", "Energy booster\Energy booster.csproj", "{272329E8-930A-489B-97E0-7C079323D427}"
EndProject
Project("{FAE04EC0-301F-11D3-BF4B-00C04F79EFBC}") = "School trip", "School trip\School trip.csproj", "{ED2C0B86-339D-40F6-9550-5BC8B7CC25C9}"
EndProject
Project("{FAE04EC0-301F-11D3-BF4B-00C04F79EFBC}") = "Trekking equipment", "Trekking equipment\Trekking equipment.csproj", "{E8954C97-780C-4BB3-9FA5-C0AB73468277}"
EndProject
Project("{FAE04EC0-301F-11D3-BF4B-00C04F79EFBC}") = "Safe password generator", "Safe password generator\Safe password generator.csproj", "{AABCAF2F-B70F-427A-8EF5-2CA5F855522A}"
EndProject
Global
	GlobalSection(SolutionConfigurationPlatforms) = preSolution
		Debug|Any CPU = Debug|Any CPU
		Release|Any CPU = Release|Any CPU
	EndGlobalSection
	GlobalSection(ProjectConfigurationPlatforms) = postSolution
		{A27B611C-07A9-4048-949E-DA0D4EFA2547}.Debug|Any CPU.ActiveCfg = Debug|Any CPU
		{A27B611C-07A9-4048-949E-DA0D4EFA2547}.Debug|Any CPU.Build.0 = Debug|Any CPU
		{A27B611C-07A9-4048-949E-DA0D4EFA2547}.Release|Any CPU.ActiveCfg = Release|Any CPU
		{A27B611C-07A9-4048-949E-DA0D4EFA2547}.Release|Any CPU.Build.0 = Release|Any CPU
		{B98647C7-34E9-4992-A00B-BD84DBEA8485}.Debug|Any CPU.ActiveCfg = Debug|Any CPU
		{B98647C7-34E9-4992-A00B-BD84DBEA8485}.Debug|Any CPU.Build.0 = Debug|Any CPU
		{B98647C7-34E9-4992-A00B-BD84DBEA8485}.Release|Any CPU.ActiveCfg = Release|Any CPU
		{B98647C7-34E9-4992-A00B-BD84DBEA8485}.Release|Any CPU.Build.0 = Release|Any CPU
		{00299AB0-823C-4ADD-9B28-952207098D41}.Debug|Any CPU.ActiveCfg = Debug|Any CPU
		{00299AB0-823C-4ADD-9B28-952207098D41}.Debug|Any CPU.Build.0 = Debug|Any CPU
		{00299AB0-823C-4ADD-9B28-952207098D41}.Release|Any CPU.ActiveCfg = Release|Any CPU
		{00299AB0-823C-4ADD-9B28-952207098D41}.Release|Any CPU.Build.0 = Release|Any CPU
		{F3D8625B-3506-4AE5-92A8-ACEF8D183681}.Debug|Any CPU.ActiveCfg = Debug|Any CPU
		{F3D8625B-3506-4AE5-92A8-ACEF8D183681}.Debug|Any CPU.Build.0 = Debug|Any CPU
		{F3D8625B-3506-4AE5-92A8-ACEF8D183681}.Release|Any CPU.ActiveCfg = Release|Any CPU
		{F3D8625B-3506-4AE5-92A8-ACEF8D183681}.Release|Any CPU.Build.0 = Release|Any CPU
		{A64B2F03-6755-4A39-988A-7B175A940D7F}.Debug|Any CPU.ActiveCfg = Debug|Any CPU
		{A64B2F03-6755-4A39-988A-7B175A940D7F}.Debug|Any CPU.Build.0 = Debug|Any CPU
		{A64B2F03-6755-4A39-988A-7B175A940D7F}.Release|Any CPU.ActiveCfg = Release|Any CPU
		{A64B2F03-6755-4A39-988A-7B175A940D7F}.Release|Any CPU.Build.0 = Release|Any CPU
		{088D7ABE-3FDF-4BAD-8BA6-EF30DFC45D8B}.Debug|Any CPU.ActiveCfg = Debug|Any CPU
		{088D7ABE-3FDF-4BAD-8BA6-EF30DFC45D8B}.Debug|Any CPU.Build.0 = Debug|Any CPU
		{088D7ABE-3FDF-4BAD-8BA6-EF30DFC45D8B}.Release|Any CPU.ActiveCfg = Release|Any CPU
		{088D7ABE-3FDF-4BAD-8BA6-EF30DFC45D8B}.Release|Any CPU.Build.0 = Release|Any CPU
		{C9FBC1C4-B053-47A8-B3F1-D5E97225A764}.Debug|Any CPU.ActiveCfg = Debug|Any CPU
		{C9FBC1C4-B053-47A8-B3F1-D5E97225A764}.Debug|Any CPU.Build.0 = Debug|Any CPU
		{C9FBC1C4-B053-47A8-B3F1-D5E97225A764}.Release|Any CPU.ActiveCfg = Release|Any CPU
		{C9FBC1C4-B053-47A8-B3F1-D5E97225A764}.Release|Any CPU.Build.0 = Release|Any CPU
		{272329E8-930A-489B-97E0-7C079323D427}.Debug|Any CPU.ActiveCfg = Debug|Any CPU
		{272329E8-930A-489B-97E0-7C079323D427}.Debug|Any CPU.Build.0 = Debug|Any CPU
		{272329E8-930A-489B-97E0-7C079323D427}.Release|Any CPU.ActiveCfg = Release|Any CPU
		{272329E8-930A-489B-97E0-7C079323D427}.Release|Any CPU.Build.0 = Release|Any CPU
		{ED2C0B86-339D-40F6-9550-5BC8B7CC25C9}.Debug|Any CPU.ActiveCfg = Debug|Any CPU
		{ED2C0B86-339D-40F6-9550-5BC8B7CC25C9}.Debug|Any CPU.Build.0 = Debug|Any CPU
		{ED2C0B86-339D-40F6-9550-5BC8B7CC25C9}.Release|Any CPU.ActiveCfg = Release|Any CPU
		{ED2C0B86-339D-40F6-9550-5BC8B7CC25C9}.Release|Any CPU.Build.0 = Release|Any CPU
		{E8954C97-780C-4BB3-9FA5-C0AB73468277}.Debug|Any CPU.ActiveCfg = Debug|Any CPU
		{E8954C97-780C-4BB3-9FA5-C0AB73468277}.Debug|Any CPU.Build.0 = Debug|Any CPU
		{E8954C97-780C-4BB3-9FA5-C0AB73468277}.Release|Any CPU.ActiveCfg = Release|Any CPU
		{E8954C97-780C-4BB3-9FA5-C0AB73468277}.Release|Any CPU.Build.0 = Release|Any CPU
		{AABCAF2F-B70F-427A-8EF5-2CA5F855522A}.Debug|Any CPU.ActiveCfg = Debug|Any CPU
		{AABCAF2F-B70F-427A-8EF5-2CA5F855522A}.Debug|Any CPU.Build.0 = Debug|Any CPU
		{AABCAF2F-B70F-427A-8EF5-2CA5F855522A}.Release|Any CPU.ActiveCfg = Release|Any CPU
		{AABCAF2F-B70F-427A-8EF5-2CA5F855522A}.Release|Any CPU.Build.0 = Release|Any CPU
	EndGlobalSection
	GlobalSection(SolutionProperties) = preSolution
		HideSolutionNode = FALSE
	EndGlobalSection
	GlobalSection(ExtensibilityGlobals) = postSolution
		SolutionGuid = {064D810E-A1A0-46E8-A72C-8595C90CB30D}
	EndGlobalSection
EndGlobal
